uuid: 10698f72-2cf1-4106-b9c8-db475734bc58
langcode: nl
status: true
dependencies:
  module:
    - block_field
    - node
id: node.block
field_name: block
entity_type: node
type: block_field
settings: {  }
module: block_field
locked: false
cardinality: 1
translatable: true
indexes: {  }
persist_with_no_fields: false
custom_storage: false
