uuid: f7372a98-e401-4680-92b0-1f9be9a19654
langcode: nl
status: true
dependencies:
  config:
    - paragraphs.paragraphs_type.linkblock
  module:
    - content_translation
third_party_settings:
  content_translation:
    enabled: true
    bundle_settings:
      untranslatable_fields_hide: '0'
id: paragraph.linkblock
target_entity_type_id: paragraph
target_bundle: linkblock
default_langcode: site_default
language_alterable: true
